
Microsoft Visual Studio Solution File, Format Version 12.00
# Visual Studio Version 17
VisualStudioVersion = 17.13.35931.197
MinimumVisualStudioVersion = 10.0.40219.1
Project("{2150E333-8FDC-42A3-9474-1A3956D46DE8}") = "Source", "Source", "{02EA681E-C7D8-13C7-8484-4AC65E1B71E8}"
	ProjectSection(SolutionItems) = preProject
		Source\Directory.Packages.props = Source\Directory.Packages.props
	EndProjectSection
EndProject
Project("{FAE04EC0-301F-11D3-BF4B-00C04F79EFBC}") = "Zonit.Extensions", "Source\Zonit.Extensions\Zonit.Extensions.csproj", "{440816CD-4359-4722-B29E-C4BD483064AB}"
EndProject
Project("{2150E333-8FDC-42A3-9474-1A3956D46DE8}") = "Elementy rozwiązania", "Elementy rozwiązania", "{8FB176BD-0036-D269-15EA-F86E90622887}"
	ProjectSection(SolutionItems) = preProject
		Readme.md = Readme.md
	EndProjectSection
EndProject
Project("{2150E333-8FDC-42A3-9474-1A3956D46DE8}") = ".github", ".github", "{61090823-DF6B-4E31-98D8-81D1214D0559}"
EndProject
Project("{2150E333-8FDC-42A3-9474-1A3956D46DE8}") = "workflows", "workflows", "{6E6E321E-43A3-4048-83CA-31D45D4EB8E2}"
	ProjectSection(SolutionItems) = preProject
		.github\workflows\AutoUpdateNugets.yml.yml = .github\workflows\AutoUpdateNugets.yml.yml
		.github\workflows\CheckNugetAndPublish.yml = .github\workflows\CheckNugetAndPublish.yml
		.github\workflows\PublishNuGet.yml = .github\workflows\PublishNuGet.yml
	EndProjectSection
EndProject
Project("{FAE04EC0-301F-11D3-BF4B-00C04F79EFBC}") = "Zonit.Extensions.Website", "Source\Zonit.Extensions.Website\Zonit.Extensions.Website.csproj", "{B3C00FBC-10D5-40C3-BF01-CAC9D1C25206}"
EndProject
Project("{2150E333-8FDC-42A3-9474-1A3956D46DE8}") = "prompts", "prompts", "{E0AAE86E-E3E5-476E-AE7A-6A7AC0A8F431}"
	ProjectSection(SolutionItems) = preProject
		.github\prompts\Zonit-Extensions-Website.prompt.md = .github\prompts\Zonit-Extensions-Website.prompt.md
	EndProjectSection
EndProject
Project("{FAE04EC0-301F-11D3-BF4B-00C04F79EFBC}") = "Zonit.Extensions.Website.MudBlazor", "Source\Zonit.Extensions.Website.MudBlazor\Zonit.Extensions.Website.MudBlazor.csproj", "{47AA3BFC-032E-4C58-9898-FDE4D20B7337}"
EndProject
Project("{FAE04EC0-301F-11D3-BF4B-00C04F79EFBC}") = "Zonit.Extensions.Website.SourceGenerators", "Source\Zonit.Extensions.Website.SourceGenerators\Zonit.Extensions.Website.SourceGenerators.csproj", "{C5C8E439-CDC3-4328-9A50-B738E025B43B}"
EndProject
Project("{FAE04EC0-301F-11D3-BF4B-00C04F79EFBC}") = "Zonit.Extensions.Cultures", "Source\Zonit.Extensions.Cultures\Zonit.Extensions.Cultures.csproj", "{1380BC24-D508-40B9-BBA5-FF834F53DEAE}"
EndProject
Project("{FAE04EC0-301F-11D3-BF4B-00C04F79EFBC}") = "Zonit.Extensions.Auth", "Source\Zonit.Extensions.Auth\Zonit.Extensions.Auth.csproj", "{65A58EA2-4C3F-4033-BA12-2AF4C56452CA}"
EndProject
Project("{FAE04EC0-301F-11D3-BF4B-00C04F79EFBC}") = "Zonit.Extensions.Organizations", "Source\Zonit.Extensions.Organizations\Zonit.Extensions.Organizations.csproj", "{B88DE041-DC75-4D7F-AE67-1F6840E7BF93}"
EndProject
Project("{FAE04EC0-301F-11D3-BF4B-00C04F79EFBC}") = "Zonit.Extensions.Projects", "Source\Zonit.Extensions.Projects\Zonit.Extensions.Projects.csproj", "{C0D1ABDA-1325-467F-B9F8-3014AFF5B3AF}"
EndProject
Project("{FAE04EC0-301F-11D3-BF4B-00C04F79EFBC}") = "Zonit.Extensions.Tenants", "Source\Zonit.Extensions.Tenants\Zonit.Extensions.Tenants.csproj", "{F7D05DFA-B3EA-4807-A316-AAFEEB085147}"
EndProject
Project("{FAE04EC0-301F-11D3-BF4B-00C04F79EFBC}") = "Zonit.Extensions.Tenants.SourceGenerators", "Source\Zonit.Extensions.Tenants.SourceGenerators\Zonit.Extensions.Tenants.SourceGenerators.csproj", "{E8DEB043-54D7-441B-9523-90E1421ED66B}"
EndProject
Project("{2150E333-8FDC-42A3-9474-1A3956D46DE8}") = "Example", "Example", "{1D587995-D2B1-D47C-23B4-E8E972FA15E9}"
EndProject
Project("{FAE04EC0-301F-11D3-BF4B-00C04F79EFBC}") = "Example", "Example\Example\Example.csproj", "{6B2EE07D-5F45-4E8C-A672-4B4583267CD5}"
EndProject
Project("{FAE04EC0-301F-11D3-BF4B-00C04F79EFBC}") = "Example.Cultures", "Example\Example.Cultures\Example.Cultures.csproj", "{29A6ACBC-05BF-4FF1-A015-5101F9CFA7BB}"
EndProject
Project("{FAE04EC0-301F-11D3-BF4B-00C04F79EFBC}") = "Example.Auth", "Example\Example.Auth\Example.Auth.csproj", "{73E5F824-4878-41AB-9B79-E28F25740488}"
EndProject
Project("{FAE04EC0-301F-11D3-BF4B-00C04F79EFBC}") = "Example.Organizations", "Example\Example.Organizations\Example.Organizations.csproj", "{AED308D2-DF36-46C5-9095-4CF68C35ADB6}"
EndProject
Project("{FAE04EC0-301F-11D3-BF4B-00C04F79EFBC}") = "Example.Projects", "Example\Example.Projects\Example.Projects.csproj", "{EF7A8C20-E9B4-4C54-A963-96454AD60F0F}"
EndProject
Project("{FAE04EC0-301F-11D3-BF4B-00C04F79EFBC}") = "Example.Tenants", "Example\Example.Tenants\Example.Tenants.csproj", "{6B993046-0EAD-46E4-8DAF-BDAC9638A1B8}"
EndProject
Project("{FAE04EC0-301F-11D3-BF4B-00C04F79EFBC}") = "Example.Components", "Example\Example.Components\Example.Components.csproj", "{ED9B59AA-FDA2-43E8-8843-5E83A28F8BC5}"
EndProject
Project("{FAE04EC0-301F-11D3-BF4B-00C04F79EFBC}") = "Example.ValueObjects", "Example\Example.ValueObjects\Example.ValueObjects.csproj", "{EFAC21E7-4579-4F94-923D-5784BA56B69B}"
EndProject
Project("{FAE04EC0-301F-11D3-BF4B-00C04F79EFBC}") = "Example.Shared", "Example\Example.Shared\Example.Shared.csproj", "{0117DE49-1566-4629-A711-BCAB289543BF}"
EndProject
Global
	GlobalSection(SolutionConfigurationPlatforms) = preSolution
		Debug|Any CPU = Debug|Any CPU
		Debug|x64 = Debug|x64
		Debug|x86 = Debug|x86
		Release|Any CPU = Release|Any CPU
		Release|x64 = Release|x64
		Release|x86 = Release|x86
	EndGlobalSection
	GlobalSection(ProjectConfigurationPlatforms) = postSolution
		{440816CD-4359-4722-B29E-C4BD483064AB}.Debug|Any CPU.ActiveCfg = Debug|Any CPU
		{440816CD-4359-4722-B29E-C4BD483064AB}.Debug|Any CPU.Build.0 = Debug|Any CPU
		{440816CD-4359-4722-B29E-C4BD483064AB}.Debug|x64.ActiveCfg = Debug|Any CPU
		{440816CD-4359-4722-B29E-C4BD483064AB}.Debug|x64.Build.0 = Debug|Any CPU
		{440816CD-4359-4722-B29E-C4BD483064AB}.Debug|x86.ActiveCfg = Debug|Any CPU
		{440816CD-4359-4722-B29E-C4BD483064AB}.Debug|x86.Build.0 = Debug|Any CPU
		{440816CD-4359-4722-B29E-C4BD483064AB}.Release|Any CPU.ActiveCfg = Release|Any CPU
		{440816CD-4359-4722-B29E-C4BD483064AB}.Release|Any CPU.Build.0 = Release|Any CPU
		{440816CD-4359-4722-B29E-C4BD483064AB}.Release|x64.ActiveCfg = Release|Any CPU
		{440816CD-4359-4722-B29E-C4BD483064AB}.Release|x64.Build.0 = Release|Any CPU
		{440816CD-4359-4722-B29E-C4BD483064AB}.Release|x86.ActiveCfg = Release|Any CPU
		{440816CD-4359-4722-B29E-C4BD483064AB}.Release|x86.Build.0 = Release|Any CPU
		{B3C00FBC-10D5-40C3-BF01-CAC9D1C25206}.Debug|Any CPU.ActiveCfg = Debug|Any CPU
		{B3C00FBC-10D5-40C3-BF01-CAC9D1C25206}.Debug|Any CPU.Build.0 = Debug|Any CPU
		{B3C00FBC-10D5-40C3-BF01-CAC9D1C25206}.Debug|x64.ActiveCfg = Debug|Any CPU
		{B3C00FBC-10D5-40C3-BF01-CAC9D1C25206}.Debug|x64.Build.0 = Debug|Any CPU
		{B3C00FBC-10D5-40C3-BF01-CAC9D1C25206}.Debug|x86.ActiveCfg = Debug|Any CPU
		{B3C00FBC-10D5-40C3-BF01-CAC9D1C25206}.Debug|x86.Build.0 = Debug|Any CPU
		{B3C00FBC-10D5-40C3-BF01-CAC9D1C25206}.Release|Any CPU.ActiveCfg = Release|Any CPU
		{B3C00FBC-10D5-40C3-BF01-CAC9D1C25206}.Release|Any CPU.Build.0 = Release|Any CPU
		{B3C00FBC-10D5-40C3-BF01-CAC9D1C25206}.Release|x64.ActiveCfg = Release|Any CPU
		{B3C00FBC-10D5-40C3-BF01-CAC9D1C25206}.Release|x64.Build.0 = Release|Any CPU
		{B3C00FBC-10D5-40C3-BF01-CAC9D1C25206}.Release|x86.ActiveCfg = Release|Any CPU
		{B3C00FBC-10D5-40C3-BF01-CAC9D1C25206}.Release|x86.Build.0 = Release|Any CPU
		{47AA3BFC-032E-4C58-9898-FDE4D20B7337}.Debug|Any CPU.ActiveCfg = Debug|Any CPU
		{47AA3BFC-032E-4C58-9898-FDE4D20B7337}.Debug|Any CPU.Build.0 = Debug|Any CPU
		{47AA3BFC-032E-4C58-9898-FDE4D20B7337}.Debug|x64.ActiveCfg = Debug|Any CPU
		{47AA3BFC-032E-4C58-9898-FDE4D20B7337}.Debug|x64.Build.0 = Debug|Any CPU
		{47AA3BFC-032E-4C58-9898-FDE4D20B7337}.Debug|x86.ActiveCfg = Debug|Any CPU
		{47AA3BFC-032E-4C58-9898-FDE4D20B7337}.Debug|x86.Build.0 = Debug|Any CPU
		{47AA3BFC-032E-4C58-9898-FDE4D20B7337}.Release|Any CPU.ActiveCfg = Release|Any CPU
		{47AA3BFC-032E-4C58-9898-FDE4D20B7337}.Release|Any CPU.Build.0 = Release|Any CPU
		{47AA3BFC-032E-4C58-9898-FDE4D20B7337}.Release|x64.ActiveCfg = Release|Any CPU
		{47AA3BFC-032E-4C58-9898-FDE4D20B7337}.Release|x64.Build.0 = Release|Any CPU
		{47AA3BFC-032E-4C58-9898-FDE4D20B7337}.Release|x86.ActiveCfg = Release|Any CPU
		{47AA3BFC-032E-4C58-9898-FDE4D20B7337}.Release|x86.Build.0 = Release|Any CPU
		{C5C8E439-CDC3-4328-9A50-B738E025B43B}.Debug|Any CPU.ActiveCfg = Debug|Any CPU
		{C5C8E439-CDC3-4328-9A50-B738E025B43B}.Debug|Any CPU.Build.0 = Debug|Any CPU
		{C5C8E439-CDC3-4328-9A50-B738E025B43B}.Debug|x64.ActiveCfg = Debug|Any CPU
		{C5C8E439-CDC3-4328-9A50-B738E025B43B}.Debug|x64.Build.0 = Debug|Any CPU
		{C5C8E439-CDC3-4328-9A50-B738E025B43B}.Debug|x86.ActiveCfg = Debug|Any CPU
		{C5C8E439-CDC3-4328-9A50-B738E025B43B}.Debug|x86.Build.0 = Debug|Any CPU
		{C5C8E439-CDC3-4328-9A50-B738E025B43B}.Release|Any CPU.ActiveCfg = Release|Any CPU
		{C5C8E439-CDC3-4328-9A50-B738E025B43B}.Release|Any CPU.Build.0 = Release|Any CPU
		{C5C8E439-CDC3-4328-9A50-B738E025B43B}.Release|x64.ActiveCfg = Release|Any CPU
		{C5C8E439-CDC3-4328-9A50-B738E025B43B}.Release|x64.Build.0 = Release|Any CPU
		{C5C8E439-CDC3-4328-9A50-B738E025B43B}.Release|x86.ActiveCfg = Release|Any CPU
		{C5C8E439-CDC3-4328-9A50-B738E025B43B}.Release|x86.Build.0 = Release|Any CPU
		{1380BC24-D508-40B9-BBA5-FF834F53DEAE}.Debug|Any CPU.ActiveCfg = Debug|Any CPU
		{1380BC24-D508-40B9-BBA5-FF834F53DEAE}.Debug|Any CPU.Build.0 = Debug|Any CPU
		{1380BC24-D508-40B9-BBA5-FF834F53DEAE}.Debug|x64.ActiveCfg = Debug|Any CPU
		{1380BC24-D508-40B9-BBA5-FF834F53DEAE}.Debug|x64.Build.0 = Debug|Any CPU
		{1380BC24-D508-40B9-BBA5-FF834F53DEAE}.Debug|x86.ActiveCfg = Debug|Any CPU
		{1380BC24-D508-40B9-BBA5-FF834F53DEAE}.Debug|x86.Build.0 = Debug|Any CPU
		{1380BC24-D508-40B9-BBA5-FF834F53DEAE}.Release|Any CPU.ActiveCfg = Release|Any CPU
		{1380BC24-D508-40B9-BBA5-FF834F53DEAE}.Release|Any CPU.Build.0 = Release|Any CPU
		{1380BC24-D508-40B9-BBA5-FF834F53DEAE}.Release|x64.ActiveCfg = Release|Any CPU
		{1380BC24-D508-40B9-BBA5-FF834F53DEAE}.Release|x64.Build.0 = Release|Any CPU
		{1380BC24-D508-40B9-BBA5-FF834F53DEAE}.Release|x86.ActiveCfg = Release|Any CPU
		{1380BC24-D508-40B9-BBA5-FF834F53DEAE}.Release|x86.Build.0 = Release|Any CPU
		{65A58EA2-4C3F-4033-BA12-2AF4C56452CA}.Debug|Any CPU.ActiveCfg = Debug|Any CPU
		{65A58EA2-4C3F-4033-BA12-2AF4C56452CA}.Debug|Any CPU.Build.0 = Debug|Any CPU
		{65A58EA2-4C3F-4033-BA12-2AF4C56452CA}.Debug|x64.ActiveCfg = Debug|Any CPU
		{65A58EA2-4C3F-4033-BA12-2AF4C56452CA}.Debug|x64.Build.0 = Debug|Any CPU
		{65A58EA2-4C3F-4033-BA12-2AF4C56452CA}.Debug|x86.ActiveCfg = Debug|Any CPU
		{65A58EA2-4C3F-4033-BA12-2AF4C56452CA}.Debug|x86.Build.0 = Debug|Any CPU
		{65A58EA2-4C3F-4033-BA12-2AF4C56452CA}.Release|Any CPU.ActiveCfg = Release|Any CPU
		{65A58EA2-4C3F-4033-BA12-2AF4C56452CA}.Release|Any CPU.Build.0 = Release|Any CPU
		{65A58EA2-4C3F-4033-BA12-2AF4C56452CA}.Release|x64.ActiveCfg = Release|Any CPU
		{65A58EA2-4C3F-4033-BA12-2AF4C56452CA}.Release|x64.Build.0 = Release|Any CPU
		{65A58EA2-4C3F-4033-BA12-2AF4C56452CA}.Release|x86.ActiveCfg = Release|Any CPU
		{65A58EA2-4C3F-4033-BA12-2AF4C56452CA}.Release|x86.Build.0 = Release|Any CPU
		{B88DE041-DC75-4D7F-AE67-1F6840E7BF93}.Debug|Any CPU.ActiveCfg = Debug|Any CPU
		{B88DE041-DC75-4D7F-AE67-1F6840E7BF93}.Debug|Any CPU.Build.0 = Debug|Any CPU
		{B88DE041-DC75-4D7F-AE67-1F6840E7BF93}.Debug|x64.ActiveCfg = Debug|Any CPU
		{B88DE041-DC75-4D7F-AE67-1F6840E7BF93}.Debug|x64.Build.0 = Debug|Any CPU
		{B88DE041-DC75-4D7F-AE67-1F6840E7BF93}.Debug|x86.ActiveCfg = Debug|Any CPU
		{B88DE041-DC75-4D7F-AE67-1F6840E7BF93}.Debug|x86.Build.0 = Debug|Any CPU
		{B88DE041-DC75-4D7F-AE67-1F6840E7BF93}.Release|Any CPU.ActiveCfg = Release|Any CPU
		{B88DE041-DC75-4D7F-AE67-1F6840E7BF93}.Release|Any CPU.Build.0 = Release|Any CPU
		{B88DE041-DC75-4D7F-AE67-1F6840E7BF93}.Release|x64.ActiveCfg = Release|Any CPU
		{B88DE041-DC75-4D7F-AE67-1F6840E7BF93}.Release|x64.Build.0 = Release|Any CPU
		{B88DE041-DC75-4D7F-AE67-1F6840E7BF93}.Release|x86.ActiveCfg = Release|Any CPU
		{B88DE041-DC75-4D7F-AE67-1F6840E7BF93}.Release|x86.Build.0 = Release|Any CPU
		{C0D1ABDA-1325-467F-B9F8-3014AFF5B3AF}.Debug|Any CPU.ActiveCfg = Debug|Any CPU
		{C0D1ABDA-1325-467F-B9F8-3014AFF5B3AF}.Debug|Any CPU.Build.0 = Debug|Any CPU
		{C0D1ABDA-1325-467F-B9F8-3014AFF5B3AF}.Debug|x64.ActiveCfg = Debug|Any CPU
		{C0D1ABDA-1325-467F-B9F8-3014AFF5B3AF}.Debug|x64.Build.0 = Debug|Any CPU
		{C0D1ABDA-1325-467F-B9F8-3014AFF5B3AF}.Debug|x86.ActiveCfg = Debug|Any CPU
		{C0D1ABDA-1325-467F-B9F8-3014AFF5B3AF}.Debug|x86.Build.0 = Debug|Any CPU
		{C0D1ABDA-1325-467F-B9F8-3014AFF5B3AF}.Release|Any CPU.ActiveCfg = Release|Any CPU
		{C0D1ABDA-1325-467F-B9F8-3014AFF5B3AF}.Release|Any CPU.Build.0 = Release|Any CPU
		{C0D1ABDA-1325-467F-B9F8-3014AFF5B3AF}.Release|x64.ActiveCfg = Release|Any CPU
		{C0D1ABDA-1325-467F-B9F8-3014AFF5B3AF}.Release|x64.Build.0 = Release|Any CPU
		{C0D1ABDA-1325-467F-B9F8-3014AFF5B3AF}.Release|x86.ActiveCfg = Release|Any CPU
		{C0D1ABDA-1325-467F-B9F8-3014AFF5B3AF}.Release|x86.Build.0 = Release|Any CPU
		{F7D05DFA-B3EA-4807-A316-AAFEEB085147}.Debug|Any CPU.ActiveCfg = Debug|Any CPU
		{F7D05DFA-B3EA-4807-A316-AAFEEB085147}.Debug|Any CPU.Build.0 = Debug|Any CPU
		{F7D05DFA-B3EA-4807-A316-AAFEEB085147}.Debug|x64.ActiveCfg = Debug|Any CPU
		{F7D05DFA-B3EA-4807-A316-AAFEEB085147}.Debug|x64.Build.0 = Debug|Any CPU
		{F7D05DFA-B3EA-4807-A316-AAFEEB085147}.Debug|x86.ActiveCfg = Debug|Any CPU
		{F7D05DFA-B3EA-4807-A316-AAFEEB085147}.Debug|x86.Build.0 = Debug|Any CPU
		{F7D05DFA-B3EA-4807-A316-AAFEEB085147}.Release|Any CPU.ActiveCfg = Release|Any CPU
		{F7D05DFA-B3EA-4807-A316-AAFEEB085147}.Release|Any CPU.Build.0 = Release|Any CPU
		{F7D05DFA-B3EA-4807-A316-AAFEEB085147}.Release|x64.ActiveCfg = Release|Any CPU
		{F7D05DFA-B3EA-4807-A316-AAFEEB085147}.Release|x64.Build.0 = Release|Any CPU
		{F7D05DFA-B3EA-4807-A316-AAFEEB085147}.Release|x86.ActiveCfg = Release|Any CPU
		{F7D05DFA-B3EA-4807-A316-AAFEEB085147}.Release|x86.Build.0 = Release|Any CPU
		{E8DEB043-54D7-441B-9523-90E1421ED66B}.Debug|Any CPU.ActiveCfg = Debug|Any CPU
		{E8DEB043-54D7-441B-9523-90E1421ED66B}.Debug|Any CPU.Build.0 = Debug|Any CPU
		{E8DEB043-54D7-441B-9523-90E1421ED66B}.Debug|x64.ActiveCfg = Debug|Any CPU
		{E8DEB043-54D7-441B-9523-90E1421ED66B}.Debug|x64.Build.0 = Debug|Any CPU
		{E8DEB043-54D7-441B-9523-90E1421ED66B}.Debug|x86.ActiveCfg = Debug|Any CPU
		{E8DEB043-54D7-441B-9523-90E1421ED66B}.Debug|x86.Build.0 = Debug|Any CPU
		{E8DEB043-54D7-441B-9523-90E1421ED66B}.Release|Any CPU.ActiveCfg = Release|Any CPU
		{E8DEB043-54D7-441B-9523-90E1421ED66B}.Release|Any CPU.Build.0 = Release|Any CPU
		{E8DEB043-54D7-441B-9523-90E1421ED66B}.Release|x64.ActiveCfg = Release|Any CPU
		{E8DEB043-54D7-441B-9523-90E1421ED66B}.Release|x64.Build.0 = Release|Any CPU
		{E8DEB043-54D7-441B-9523-90E1421ED66B}.Release|x86.ActiveCfg = Release|Any CPU
		{E8DEB043-54D7-441B-9523-90E1421ED66B}.Release|x86.Build.0 = Release|Any CPU
		{6B2EE07D-5F45-4E8C-A672-4B4583267CD5}.Debug|Any CPU.ActiveCfg = Debug|Any CPU
		{6B2EE07D-5F45-4E8C-A672-4B4583267CD5}.Debug|Any CPU.Build.0 = Debug|Any CPU
		{6B2EE07D-5F45-4E8C-A672-4B4583267CD5}.Debug|x64.ActiveCfg = Debug|Any CPU
		{6B2EE07D-5F45-4E8C-A672-4B4583267CD5}.Debug|x64.Build.0 = Debug|Any CPU
		{6B2EE07D-5F45-4E8C-A672-4B4583267CD5}.Debug|x86.ActiveCfg = Debug|Any CPU
		{6B2EE07D-5F45-4E8C-A672-4B4583267CD5}.Debug|x86.Build.0 = Debug|Any CPU
		{6B2EE07D-5F45-4E8C-A672-4B4583267CD5}.Release|Any CPU.ActiveCfg = Release|Any CPU
		{6B2EE07D-5F45-4E8C-A672-4B4583267CD5}.Release|Any CPU.Build.0 = Release|Any CPU
		{6B2EE07D-5F45-4E8C-A672-4B4583267CD5}.Release|x64.ActiveCfg = Release|Any CPU
		{6B2EE07D-5F45-4E8C-A672-4B4583267CD5}.Release|x64.Build.0 = Release|Any CPU
		{6B2EE07D-5F45-4E8C-A672-4B4583267CD5}.Release|x86.ActiveCfg = Release|Any CPU
		{6B2EE07D-5F45-4E8C-A672-4B4583267CD5}.Release|x86.Build.0 = Release|Any CPU
		{29A6ACBC-05BF-4FF1-A015-5101F9CFA7BB}.Debug|Any CPU.ActiveCfg = Debug|Any CPU
		{29A6ACBC-05BF-4FF1-A015-5101F9CFA7BB}.Debug|Any CPU.Build.0 = Debug|Any CPU
		{29A6ACBC-05BF-4FF1-A015-5101F9CFA7BB}.Debug|x64.ActiveCfg = Debug|Any CPU
		{29A6ACBC-05BF-4FF1-A015-5101F9CFA7BB}.Debug|x64.Build.0 = Debug|Any CPU
		{29A6ACBC-05BF-4FF1-A015-5101F9CFA7BB}.Debug|x86.ActiveCfg = Debug|Any CPU
		{29A6ACBC-05BF-4FF1-A015-5101F9CFA7BB}.Debug|x86.Build.0 = Debug|Any CPU
		{29A6ACBC-05BF-4FF1-A015-5101F9CFA7BB}.Release|Any CPU.ActiveCfg = Release|Any CPU
		{29A6ACBC-05BF-4FF1-A015-5101F9CFA7BB}.Release|Any CPU.Build.0 = Release|Any CPU
		{29A6ACBC-05BF-4FF1-A015-5101F9CFA7BB}.Release|x64.ActiveCfg = Release|Any CPU
		{29A6ACBC-05BF-4FF1-A015-5101F9CFA7BB}.Release|x64.Build.0 = Release|Any CPU
		{29A6ACBC-05BF-4FF1-A015-5101F9CFA7BB}.Release|x86.ActiveCfg = Release|Any CPU
		{29A6ACBC-05BF-4FF1-A015-5101F9CFA7BB}.Release|x86.Build.0 = Release|Any CPU
		{73E5F824-4878-41AB-9B79-E28F25740488}.Debug|Any CPU.ActiveCfg = Debug|Any CPU
		{73E5F824-4878-41AB-9B79-E28F25740488}.Debug|Any CPU.Build.0 = Debug|Any CPU
		{73E5F824-4878-41AB-9B79-E28F25740488}.Debug|x64.ActiveCfg = Debug|Any CPU
		{73E5F824-4878-41AB-9B79-E28F25740488}.Debug|x64.Build.0 = Debug|Any CPU
		{73E5F824-4878-41AB-9B79-E28F25740488}.Debug|x86.ActiveCfg = Debug|Any CPU
		{73E5F824-4878-41AB-9B79-E28F25740488}.Debug|x86.Build.0 = Debug|Any CPU
		{73E5F824-4878-41AB-9B79-E28F25740488}.Release|Any CPU.ActiveCfg = Release|Any CPU
		{73E5F824-4878-41AB-9B79-E28F25740488}.Release|Any CPU.Build.0 = Release|Any CPU
		{73E5F824-4878-41AB-9B79-E28F25740488}.Release|x64.ActiveCfg = Release|Any CPU
		{73E5F824-4878-41AB-9B79-E28F25740488}.Release|x64.Build.0 = Release|Any CPU
		{73E5F824-4878-41AB-9B79-E28F25740488}.Release|x86.ActiveCfg = Release|Any CPU
		{73E5F824-4878-41AB-9B79-E28F25740488}.Release|x86.Build.0 = Release|Any CPU
		{AED308D2-DF36-46C5-9095-4CF68C35ADB6}.Debug|Any CPU.ActiveCfg = Debug|Any CPU
		{AED308D2-DF36-46C5-9095-4CF68C35ADB6}.Debug|Any CPU.Build.0 = Debug|Any CPU
		{AED308D2-DF36-46C5-9095-4CF68C35ADB6}.Debug|x64.ActiveCfg = Debug|Any CPU
		{AED308D2-DF36-46C5-9095-4CF68C35ADB6}.Debug|x64.Build.0 = Debug|Any CPU
		{AED308D2-DF36-46C5-9095-4CF68C35ADB6}.Debug|x86.ActiveCfg = Debug|Any CPU
		{AED308D2-DF36-46C5-9095-4CF68C35ADB6}.Debug|x86.Build.0 = Debug|Any CPU
		{AED308D2-DF36-46C5-9095-4CF68C35ADB6}.Release|Any CPU.ActiveCfg = Release|Any CPU
		{AED308D2-DF36-46C5-9095-4CF68C35ADB6}.Release|Any CPU.Build.0 = Release|Any CPU
		{AED308D2-DF36-46C5-9095-4CF68C35ADB6}.Release|x64.ActiveCfg = Release|Any CPU
		{AED308D2-DF36-46C5-9095-4CF68C35ADB6}.Release|x64.Build.0 = Release|Any CPU
		{AED308D2-DF36-46C5-9095-4CF68C35ADB6}.Release|x86.ActiveCfg = Release|Any CPU
		{AED308D2-DF36-46C5-9095-4CF68C35ADB6}.Release|x86.Build.0 = Release|Any CPU
		{EF7A8C20-E9B4-4C54-A963-96454AD60F0F}.Debug|Any CPU.ActiveCfg = Debug|Any CPU
		{EF7A8C20-E9B4-4C54-A963-96454AD60F0F}.Debug|Any CPU.Build.0 = Debug|Any CPU
		{EF7A8C20-E9B4-4C54-A963-96454AD60F0F}.Debug|x64.ActiveCfg = Debug|Any CPU
		{EF7A8C20-E9B4-4C54-A963-96454AD60F0F}.Debug|x64.Build.0 = Debug|Any CPU
		{EF7A8C20-E9B4-4C54-A963-96454AD60F0F}.Debug|x86.ActiveCfg = Debug|Any CPU
		{EF7A8C20-E9B4-4C54-A963-96454AD60F0F}.Debug|x86.Build.0 = Debug|Any CPU
		{EF7A8C20-E9B4-4C54-A963-96454AD60F0F}.Release|Any CPU.ActiveCfg = Release|Any CPU
		{EF7A8C20-E9B4-4C54-A963-96454AD60F0F}.Release|Any CPU.Build.0 = Release|Any CPU
		{EF7A8C20-E9B4-4C54-A963-96454AD60F0F}.Release|x64.ActiveCfg = Release|Any CPU
		{EF7A8C20-E9B4-4C54-A963-96454AD60F0F}.Release|x64.Build.0 = Release|Any CPU
		{EF7A8C20-E9B4-4C54-A963-96454AD60F0F}.Release|x86.ActiveCfg = Release|Any CPU
		{EF7A8C20-E9B4-4C54-A963-96454AD60F0F}.Release|x86.Build.0 = Release|Any CPU
		{6B993046-0EAD-46E4-8DAF-BDAC9638A1B8}.Debug|Any CPU.ActiveCfg = Debug|Any CPU
		{6B993046-0EAD-46E4-8DAF-BDAC9638A1B8}.Debug|Any CPU.Build.0 = Debug|Any CPU
		{6B993046-0EAD-46E4-8DAF-BDAC9638A1B8}.Debug|x64.ActiveCfg = Debug|Any CPU
		{6B993046-0EAD-46E4-8DAF-BDAC9638A1B8}.Debug|x64.Build.0 = Debug|Any CPU
		{6B993046-0EAD-46E4-8DAF-BDAC9638A1B8}.Debug|x86.ActiveCfg = Debug|Any CPU
		{6B993046-0EAD-46E4-8DAF-BDAC9638A1B8}.Debug|x86.Build.0 = Debug|Any CPU
		{6B993046-0EAD-46E4-8DAF-BDAC9638A1B8}.Release|Any CPU.ActiveCfg = Release|Any CPU
		{6B993046-0EAD-46E4-8DAF-BDAC9638A1B8}.Release|Any CPU.Build.0 = Release|Any CPU
		{6B993046-0EAD-46E4-8DAF-BDAC9638A1B8}.Release|x64.ActiveCfg = Release|Any CPU
		{6B993046-0EAD-46E4-8DAF-BDAC9638A1B8}.Release|x64.Build.0 = Release|Any CPU
		{6B993046-0EAD-46E4-8DAF-BDAC9638A1B8}.Release|x86.ActiveCfg = Release|Any CPU
		{6B993046-0EAD-46E4-8DAF-BDAC9638A1B8}.Release|x86.Build.0 = Release|Any CPU
		{ED9B59AA-FDA2-43E8-8843-5E83A28F8BC5}.Debug|Any CPU.ActiveCfg = Debug|Any CPU
		{ED9B59AA-FDA2-43E8-8843-5E83A28F8BC5}.Debug|Any CPU.Build.0 = Debug|Any CPU
		{ED9B59AA-FDA2-43E8-8843-5E83A28F8BC5}.Debug|x64.ActiveCfg = Debug|Any CPU
		{ED9B59AA-FDA2-43E8-8843-5E83A28F8BC5}.Debug|x64.Build.0 = Debug|Any CPU
		{ED9B59AA-FDA2-43E8-8843-5E83A28F8BC5}.Debug|x86.ActiveCfg = Debug|Any CPU
		{ED9B59AA-FDA2-43E8-8843-5E83A28F8BC5}.Debug|x86.Build.0 = Debug|Any CPU
		{ED9B59AA-FDA2-43E8-8843-5E83A28F8BC5}.Release|Any CPU.ActiveCfg = Release|Any CPU
		{ED9B59AA-FDA2-43E8-8843-5E83A28F8BC5}.Release|Any CPU.Build.0 = Release|Any CPU
		{ED9B59AA-FDA2-43E8-8843-5E83A28F8BC5}.Release|x64.ActiveCfg = Release|Any CPU
		{ED9B59AA-FDA2-43E8-8843-5E83A28F8BC5}.Release|x64.Build.0 = Release|Any CPU
		{ED9B59AA-FDA2-43E8-8843-5E83A28F8BC5}.Release|x86.ActiveCfg = Release|Any CPU
		{ED9B59AA-FDA2-43E8-8843-5E83A28F8BC5}.Release|x86.Build.0 = Release|Any CPU
		{EFAC21E7-4579-4F94-923D-5784BA56B69B}.Debug|Any CPU.ActiveCfg = Debug|Any CPU
		{EFAC21E7-4579-4F94-923D-5784BA56B69B}.Debug|Any CPU.Build.0 = Debug|Any CPU
		{EFAC21E7-4579-4F94-923D-5784BA56B69B}.Debug|x64.ActiveCfg = Debug|Any CPU
		{EFAC21E7-4579-4F94-923D-5784BA56B69B}.Debug|x64.Build.0 = Debug|Any CPU
		{EFAC21E7-4579-4F94-923D-5784BA56B69B}.Debug|x86.ActiveCfg = Debug|Any CPU
		{EFAC21E7-4579-4F94-923D-5784BA56B69B}.Debug|x86.Build.0 = Debug|Any CPU
		{EFAC21E7-4579-4F94-923D-5784BA56B69B}.Release|Any CPU.ActiveCfg = Release|Any CPU
		{EFAC21E7-4579-4F94-923D-5784BA56B69B}.Release|Any CPU.Build.0 = Release|Any CPU
		{EFAC21E7-4579-4F94-923D-5784BA56B69B}.Release|x64.ActiveCfg = Release|Any CPU
		{EFAC21E7-4579-4F94-923D-5784BA56B69B}.Release|x64.Build.0 = Release|Any CPU
		{EFAC21E7-4579-4F94-923D-5784BA56B69B}.Release|x86.ActiveCfg = Release|Any CPU
		{EFAC21E7-4579-4F94-923D-5784BA56B69B}.Release|x86.Build.0 = Release|Any CPU
		{0117DE49-1566-4629-A711-BCAB289543BF}.Debug|Any CPU.ActiveCfg = Debug|Any CPU
		{0117DE49-1566-4629-A711-BCAB289543BF}.Debug|Any CPU.Build.0 = Debug|Any CPU
		{0117DE49-1566-4629-A711-BCAB289543BF}.Debug|x64.ActiveCfg = Debug|Any CPU
		{0117DE49-1566-4629-A711-BCAB289543BF}.Debug|x64.Build.0 = Debug|Any CPU
		{0117DE49-1566-4629-A711-BCAB289543BF}.Debug|x86.ActiveCfg = Debug|Any CPU
		{0117DE49-1566-4629-A711-BCAB289543BF}.Debug|x86.Build.0 = Debug|Any CPU
		{0117DE49-1566-4629-A711-BCAB289543BF}.Release|Any CPU.ActiveCfg = Release|Any CPU
		{0117DE49-1566-4629-A711-BCAB289543BF}.Release|Any CPU.Build.0 = Release|Any CPU
		{0117DE49-1566-4629-A711-BCAB289543BF}.Release|x64.ActiveCfg = Release|Any CPU
		{0117DE49-1566-4629-A711-BCAB289543BF}.Release|x64.Build.0 = Release|Any CPU
		{0117DE49-1566-4629-A711-BCAB289543BF}.Release|x86.ActiveCfg = Release|Any CPU
		{0117DE49-1566-4629-A711-BCAB289543BF}.Release|x86.Build.0 = Release|Any CPU
	EndGlobalSection
	GlobalSection(SolutionProperties) = preSolution
		HideSolutionNode = FALSE
	EndGlobalSection
	GlobalSection(NestedProjects) = preSolution
		{440816CD-4359-4722-B29E-C4BD483064AB} = {02EA681E-C7D8-13C7-8484-4AC65E1B71E8}
		{61090823-DF6B-4E31-98D8-81D1214D0559} = {8FB176BD-0036-D269-15EA-F86E90622887}
		{6E6E321E-43A3-4048-83CA-31D45D4EB8E2} = {61090823-DF6B-4E31-98D8-81D1214D0559}
		{B3C00FBC-10D5-40C3-BF01-CAC9D1C25206} = {02EA681E-C7D8-13C7-8484-4AC65E1B71E8}
		{E0AAE86E-E3E5-476E-AE7A-6A7AC0A8F431} = {61090823-DF6B-4E31-98D8-81D1214D0559}
		{47AA3BFC-032E-4C58-9898-FDE4D20B7337} = {02EA681E-C7D8-13C7-8484-4AC65E1B71E8}
		{C5C8E439-CDC3-4328-9A50-B738E025B43B} = {02EA681E-C7D8-13C7-8484-4AC65E1B71E8}
		{1380BC24-D508-40B9-BBA5-FF834F53DEAE} = {02EA681E-C7D8-13C7-8484-4AC65E1B71E8}
		{65A58EA2-4C3F-4033-BA12-2AF4C56452CA} = {02EA681E-C7D8-13C7-8484-4AC65E1B71E8}
		{B88DE041-DC75-4D7F-AE67-1F6840E7BF93} = {02EA681E-C7D8-13C7-8484-4AC65E1B71E8}
		{C0D1ABDA-1325-467F-B9F8-3014AFF5B3AF} = {02EA681E-C7D8-13C7-8484-4AC65E1B71E8}
		{F7D05DFA-B3EA-4807-A316-AAFEEB085147} = {02EA681E-C7D8-13C7-8484-4AC65E1B71E8}
		{E8DEB043-54D7-441B-9523-90E1421ED66B} = {02EA681E-C7D8-13C7-8484-4AC65E1B71E8}
		{6B2EE07D-5F45-4E8C-A672-4B4583267CD5} = {1D587995-D2B1-D47C-23B4-E8E972FA15E9}
		{29A6ACBC-05BF-4FF1-A015-5101F9CFA7BB} = {1D587995-D2B1-D47C-23B4-E8E972FA15E9}
		{73E5F824-4878-41AB-9B79-E28F25740488} = {1D587995-D2B1-D47C-23B4-E8E972FA15E9}
		{AED308D2-DF36-46C5-9095-4CF68C35ADB6} = {1D587995-D2B1-D47C-23B4-E8E972FA15E9}
		{EF7A8C20-E9B4-4C54-A963-96454AD60F0F} = {1D587995-D2B1-D47C-23B4-E8E972FA15E9}
		{6B993046-0EAD-46E4-8DAF-BDAC9638A1B8} = {1D587995-D2B1-D47C-23B4-E8E972FA15E9}
		{ED9B59AA-FDA2-43E8-8843-5E83A28F8BC5} = {1D587995-D2B1-D47C-23B4-E8E972FA15E9}
		{EFAC21E7-4579-4F94-923D-5784BA56B69B} = {1D587995-D2B1-D47C-23B4-E8E972FA15E9}
		{0117DE49-1566-4629-A711-BCAB289543BF} = {1D587995-D2B1-D47C-23B4-E8E972FA15E9}
	EndGlobalSection
	GlobalSection(ExtensibilityGlobals) = postSolution
		SolutionGuid = {19890891-B329-40B4-BE5A-94AA9E7B63E0}
	EndGlobalSection
EndGlobal
